// !$*UTF8*$!
{
	archiveVersion = 1;
	classes = {
	};
	objectVersion = 51;
	objects = {

/* Begin PBXBuildFile section */
		2D19899F9A4A884791175C1D /* Pods_KitaBisaMovieDBTest.framework in Frameworks */ = {isa = PBXBuildFile; fileRef = 8626303DAAB4B14F50F593F6 /* Pods_KitaBisaMovieDBTest.framework */; };
		707029A024B6129E00AF7491 /* AppDelegate.swift in Sources */ = {isa = PBXBuildFile; fileRef = 7070299F24B6129E00AF7491 /* AppDelegate.swift */; };
		707029A424B6129E00AF7491 /* ViewController.swift in Sources */ = {isa = PBXBuildFile; fileRef = 707029A324B6129E00AF7491 /* ViewController.swift */; };
		707029A724B6129E00AF7491 /* Main.storyboard in Resources */ = {isa = PBXBuildFile; fileRef = 707029A524B6129E00AF7491 /* Main.storyboard */; };
		707029A924B612A000AF7491 /* Assets.xcassets in Resources */ = {isa = PBXBuildFile; fileRef = 707029A824B612A000AF7491 /* Assets.xcassets */; };
		707029AC24B612A000AF7491 /* LaunchScreen.storyboard in Resources */ = {isa = PBXBuildFile; fileRef = 707029AA24B612A000AF7491 /* LaunchScreen.storyboard */; };
		707029BC24B61F3800AF7491 /* HomeRouter.swift in Sources */ = {isa = PBXBuildFile; fileRef = 707029B924B61F3800AF7491 /* HomeRouter.swift */; };
		707029BD24B61F3800AF7491 /* HomeInteractor.swift in Sources */ = {isa = PBXBuildFile; fileRef = 707029BA24B61F3800AF7491 /* HomeInteractor.swift */; };
		707029BE24B61F3800AF7491 /* HomeConfigurator.swift in Sources */ = {isa = PBXBuildFile; fileRef = 707029BB24B61F3800AF7491 /* HomeConfigurator.swift */; };
		707029C724B61FD900AF7491 /* HomeViewController.swift in Sources */ = {isa = PBXBuildFile; fileRef = 707029C524B61FD900AF7491 /* HomeViewController.swift */; };
		707029C824B61FD900AF7491 /* HomeViewController.xib in Resources */ = {isa = PBXBuildFile; fileRef = 707029C624B61FD900AF7491 /* HomeViewController.xib */; };
		707029CA24B61FE700AF7491 /* HomePresenter.swift in Sources */ = {isa = PBXBuildFile; fileRef = 707029C924B61FE700AF7491 /* HomePresenter.swift */; };
		707029CC24B61FF700AF7491 /* HomeWorker.swift in Sources */ = {isa = PBXBuildFile; fileRef = 707029CB24B61FF700AF7491 /* HomeWorker.swift */; };
		707029D124B6268200AF7491 /* Network.swift in Sources */ = {isa = PBXBuildFile; fileRef = 707029D024B6268200AF7491 /* Network.swift */; };
		707029D324B6281400AF7491 /* ApiClient.swift in Sources */ = {isa = PBXBuildFile; fileRef = 707029D224B6281400AF7491 /* ApiClient.swift */; };
		707029D924B62B1300AF7491 /* HomeTableViewCell.swift in Sources */ = {isa = PBXBuildFile; fileRef = 707029D724B62B1300AF7491 /* HomeTableViewCell.swift */; };
		707029DA24B62B1300AF7491 /* HomeTableViewCell.xib in Resources */ = {isa = PBXBuildFile; fileRef = 707029D824B62B1300AF7491 /* HomeTableViewCell.xib */; };
		707029EB24B6305700AF7491 /* DetailWorker.swift in Sources */ = {isa = PBXBuildFile; fileRef = 707029EA24B6305700AF7491 /* DetailWorker.swift */; };
		707029ED24B6305F00AF7491 /* DetailPresenter.swift in Sources */ = {isa = PBXBuildFile; fileRef = 707029EC24B6305F00AF7491 /* DetailPresenter.swift */; };
		707029F124B6306A00AF7491 /* DetailRouter.swift in Sources */ = {isa = PBXBuildFile; fileRef = 707029EE24B6306A00AF7491 /* DetailRouter.swift */; };
		707029F224B6306A00AF7491 /* DetailInteractor.swift in Sources */ = {isa = PBXBuildFile; fileRef = 707029EF24B6306A00AF7491 /* DetailInteractor.swift */; };
		707029F324B6306A00AF7491 /* DetailConfigurator.swift in Sources */ = {isa = PBXBuildFile; fileRef = 707029F024B6306A00AF7491 /* DetailConfigurator.swift */; };
		707029F824B6308700AF7491 /* DetailViewController.swift in Sources */ = {isa = PBXBuildFile; fileRef = 707029F624B6308700AF7491 /* DetailViewController.swift */; };
		707029F924B6308700AF7491 /* DetailViewController.xib in Resources */ = {isa = PBXBuildFile; fileRef = 707029F724B6308700AF7491 /* DetailViewController.xib */; };
		70702A0124B63E9300AF7491 /* HomeModel.swift in Sources */ = {isa = PBXBuildFile; fileRef = 70702A0024B63E9300AF7491 /* HomeModel.swift */; };
		70702A0424B647C400AF7491 /* ApiConstants.swift in Sources */ = {isa = PBXBuildFile; fileRef = 70702A0324B647C400AF7491 /* ApiConstants.swift */; };
		70702A0624B658B300AF7491 /* Extension+String.swift in Sources */ = {isa = PBXBuildFile; fileRef = 70702A0524B658B300AF7491 /* Extension+String.swift */; };
		70702A0824B658D500AF7491 /* Extension+UITableView.swift in Sources */ = {isa = PBXBuildFile; fileRef = 70702A0724B658D500AF7491 /* Extension+UITableView.swift */; };
		70702A1424B6605E00AF7491 /* CategoryViewController.swift in Sources */ = {isa = PBXBuildFile; fileRef = 70702A1224B6605E00AF7491 /* CategoryViewController.swift */; };
		70702A1524B6605E00AF7491 /* CategoryViewController.xib in Resources */ = {isa = PBXBuildFile; fileRef = 70702A1324B6605E00AF7491 /* CategoryViewController.xib */; };
		70702A1924B66FCE00AF7491 /* MovieEntityResults.swift in Sources */ = {isa = PBXBuildFile; fileRef = 70702A1724B66FCE00AF7491 /* MovieEntityResults.swift */; };
		70702A1A24B66FCE00AF7491 /* MovieEntity.swift in Sources */ = {isa = PBXBuildFile; fileRef = 70702A1824B66FCE00AF7491 /* MovieEntity.swift */; };
		70702A2124B6706100AF7491 /* DetailMovieEntitySpokenLanguages.swift in Sources */ = {isa = PBXBuildFile; fileRef = 70702A1C24B6706100AF7491 /* DetailMovieEntitySpokenLanguages.swift */; };
		70702A2224B6706100AF7491 /* DetailMovieEntity.swift in Sources */ = {isa = PBXBuildFile; fileRef = 70702A1D24B6706100AF7491 /* DetailMovieEntity.swift */; };
		70702A2324B6706100AF7491 /* DetailMovieEntityGenres.swift in Sources */ = {isa = PBXBuildFile; fileRef = 70702A1E24B6706100AF7491 /* DetailMovieEntityGenres.swift */; };
		70702A2424B6706100AF7491 /* DetailMovieEntityProductionCompanies.swift in Sources */ = {isa = PBXBuildFile; fileRef = 70702A1F24B6706100AF7491 /* DetailMovieEntityProductionCompanies.swift */; };
		70702A2524B6706200AF7491 /* DetailMovieEntityProductionCountries.swift in Sources */ = {isa = PBXBuildFile; fileRef = 70702A2024B6706100AF7491 /* DetailMovieEntityProductionCountries.swift */; };
		70702A2824B670F800AF7491 /* DetailModel.swift in Sources */ = {isa = PBXBuildFile; fileRef = 70702A2724B670F800AF7491 /* DetailModel.swift */; };
		70702A3024B68DBD00AF7491 /* FavoriteModel.swift in Sources */ = {isa = PBXBuildFile; fileRef = 70702A2F24B68DBD00AF7491 /* FavoriteModel.swift */; };
		70702A3224B68DC500AF7491 /* FavoriteWorker.swift in Sources */ = {isa = PBXBuildFile; fileRef = 70702A3124B68DC500AF7491 /* FavoriteWorker.swift */; };
		70702A3424B68DCF00AF7491 /* FavoritePresenter.swift in Sources */ = {isa = PBXBuildFile; fileRef = 70702A3324B68DCF00AF7491 /* FavoritePresenter.swift */; };
		70702A3824B68DD600AF7491 /* FavoriteRouter.swift in Sources */ = {isa = PBXBuildFile; fileRef = 70702A3524B68DD600AF7491 /* FavoriteRouter.swift */; };
		70702A3924B68DD600AF7491 /* FavoriteInteractor.swift in Sources */ = {isa = PBXBuildFile; fileRef = 70702A3624B68DD600AF7491 /* FavoriteInteractor.swift */; };
		70702A3A24B68DD600AF7491 /* FavoriteConfigurator.swift in Sources */ = {isa = PBXBuildFile; fileRef = 70702A3724B68DD600AF7491 /* FavoriteConfigurator.swift */; };
		70702A3F24B68DF600AF7491 /* FavoriteViewController.swift in Sources */ = {isa = PBXBuildFile; fileRef = 70702A3D24B68DF600AF7491 /* FavoriteViewController.swift */; };
		70702A4024B68DF600AF7491 /* FavoriteViewController.xib in Resources */ = {isa = PBXBuildFile; fileRef = 70702A3E24B68DF600AF7491 /* FavoriteViewController.xib */; };
/* End PBXBuildFile section */

/* Begin PBXFileReference section */
		2D9D4FECBFD12A67239F8394 /* Pods-KitaBisaMovieDBTest.release.xcconfig */ = {isa = PBXFileReference; includeInIndex = 1; lastKnownFileType = text.xcconfig; name = "Pods-KitaBisaMovieDBTest.release.xcconfig"; path = "Target Support Files/Pods-KitaBisaMovieDBTest/Pods-KitaBisaMovieDBTest.release.xcconfig"; sourceTree = "<group>"; };
		7070299C24B6129E00AF7491 /* KitaBisaMovieDBTest.app */ = {isa = PBXFileReference; explicitFileType = wrapper.application; includeInIndex = 0; path = KitaBisaMovieDBTest.app; sourceTree = BUILT_PRODUCTS_DIR; };
		7070299F24B6129E00AF7491 /* AppDelegate.swift */ = {isa = PBXFileReference; lastKnownFileType = sourcecode.swift; path = AppDelegate.swift; sourceTree = "<group>"; };
		707029A324B6129E00AF7491 /* ViewController.swift */ = {isa = PBXFileReference; lastKnownFileType = sourcecode.swift; path = ViewController.swift; sourceTree = "<group>"; };
		707029A624B6129E00AF7491 /* Base */ = {isa = PBXFileReference; lastKnownFileType = file.storyboard; name = Base; path = Base.lproj/Main.storyboard; sourceTree = "<group>"; };
		707029A824B612A000AF7491 /* Assets.xcassets */ = {isa = PBXFileReference; lastKnownFileType = folder.assetcatalog; path = Assets.xcassets; sourceTree = "<group>"; };
		707029AB24B612A000AF7491 /* Base */ = {isa = PBXFileReference; lastKnownFileType = file.storyboard; name = Base; path = Base.lproj/LaunchScreen.storyboard; sourceTree = "<group>"; };
		707029AD24B612A000AF7491 /* Info.plist */ = {isa = PBXFileReference; lastKnownFileType = text.plist.xml; path = Info.plist; sourceTree = "<group>"; };
		707029B924B61F3800AF7491 /* HomeRouter.swift */ = {isa = PBXFileReference; lastKnownFileType = sourcecode.swift; path = HomeRouter.swift; sourceTree = "<group>"; };
		707029BA24B61F3800AF7491 /* HomeInteractor.swift */ = {isa = PBXFileReference; lastKnownFileType = sourcecode.swift; path = HomeInteractor.swift; sourceTree = "<group>"; };
		707029BB24B61F3800AF7491 /* HomeConfigurator.swift */ = {isa = PBXFileReference; lastKnownFileType = sourcecode.swift; path = HomeConfigurator.swift; sourceTree = "<group>"; };
		707029C524B61FD900AF7491 /* HomeViewController.swift */ = {isa = PBXFileReference; lastKnownFileType = sourcecode.swift; path = HomeViewController.swift; sourceTree = "<group>"; };
		707029C624B61FD900AF7491 /* HomeViewController.xib */ = {isa = PBXFileReference; lastKnownFileType = file.xib; path = HomeViewController.xib; sourceTree = "<group>"; };
		707029C924B61FE700AF7491 /* HomePresenter.swift */ = {isa = PBXFileReference; lastKnownFileType = sourcecode.swift; path = HomePresenter.swift; sourceTree = "<group>"; };
		707029CB24B61FF700AF7491 /* HomeWorker.swift */ = {isa = PBXFileReference; lastKnownFileType = sourcecode.swift; path = HomeWorker.swift; sourceTree = "<group>"; };
		707029D024B6268200AF7491 /* Network.swift */ = {isa = PBXFileReference; lastKnownFileType = sourcecode.swift; path = Network.swift; sourceTree = "<group>"; };
		707029D224B6281400AF7491 /* ApiClient.swift */ = {isa = PBXFileReference; lastKnownFileType = sourcecode.swift; path = ApiClient.swift; sourceTree = "<group>"; };
		707029D724B62B1300AF7491 /* HomeTableViewCell.swift */ = {isa = PBXFileReference; lastKnownFileType = sourcecode.swift; path = HomeTableViewCell.swift; sourceTree = "<group>"; };
		707029D824B62B1300AF7491 /* HomeTableViewCell.xib */ = {isa = PBXFileReference; lastKnownFileType = file.xib; path = HomeTableViewCell.xib; sourceTree = "<group>"; };
		707029EA24B6305700AF7491 /* DetailWorker.swift */ = {isa = PBXFileReference; lastKnownFileType = sourcecode.swift; path = DetailWorker.swift; sourceTree = "<group>"; };
		707029EC24B6305F00AF7491 /* DetailPresenter.swift */ = {isa = PBXFileReference; lastKnownFileType = sourcecode.swift; path = DetailPresenter.swift; sourceTree = "<group>"; };
		707029EE24B6306A00AF7491 /* DetailRouter.swift */ = {isa = PBXFileReference; lastKnownFileType = sourcecode.swift; path = DetailRouter.swift; sourceTree = "<group>"; };
		707029EF24B6306A00AF7491 /* DetailInteractor.swift */ = {isa = PBXFileReference; lastKnownFileType = sourcecode.swift; path = DetailInteractor.swift; sourceTree = "<group>"; };
		707029F024B6306A00AF7491 /* DetailConfigurator.swift */ = {isa = PBXFileReference; lastKnownFileType = sourcecode.swift; path = DetailConfigurator.swift; sourceTree = "<group>"; };
		707029F624B6308700AF7491 /* DetailViewController.swift */ = {isa = PBXFileReference; lastKnownFileType = sourcecode.swift; path = DetailViewController.swift; sourceTree = "<group>"; };
		707029F724B6308700AF7491 /* DetailViewController.xib */ = {isa = PBXFileReference; lastKnownFileType = file.xib; path = DetailViewController.xib; sourceTree = "<group>"; };
		70702A0024B63E9300AF7491 /* HomeModel.swift */ = {isa = PBXFileReference; lastKnownFileType = sourcecode.swift; path = HomeModel.swift; sourceTree = "<group>"; };
		70702A0324B647C400AF7491 /* ApiConstants.swift */ = {isa = PBXFileReference; lastKnownFileType = sourcecode.swift; path = ApiConstants.swift; sourceTree = "<group>"; };
		70702A0524B658B300AF7491 /* Extension+String.swift */ = {isa = PBXFileReference; lastKnownFileType = sourcecode.swift; path = "Extension+String.swift"; sourceTree = "<group>"; };
		70702A0724B658D500AF7491 /* Extension+UITableView.swift */ = {isa = PBXFileReference; lastKnownFileType = sourcecode.swift; path = "Extension+UITableView.swift"; sourceTree = "<group>"; };
		70702A1224B6605E00AF7491 /* CategoryViewController.swift */ = {isa = PBXFileReference; lastKnownFileType = sourcecode.swift; path = CategoryViewController.swift; sourceTree = "<group>"; };
		70702A1324B6605E00AF7491 /* CategoryViewController.xib */ = {isa = PBXFileReference; lastKnownFileType = file.xib; path = CategoryViewController.xib; sourceTree = "<group>"; };
		70702A1724B66FCE00AF7491 /* MovieEntityResults.swift */ = {isa = PBXFileReference; fileEncoding = 4; lastKnownFileType = sourcecode.swift; path = MovieEntityResults.swift; sourceTree = "<group>"; };
		70702A1824B66FCE00AF7491 /* MovieEntity.swift */ = {isa = PBXFileReference; fileEncoding = 4; lastKnownFileType = sourcecode.swift; path = MovieEntity.swift; sourceTree = "<group>"; };
		70702A1C24B6706100AF7491 /* DetailMovieEntitySpokenLanguages.swift */ = {isa = PBXFileReference; fileEncoding = 4; lastKnownFileType = sourcecode.swift; path = DetailMovieEntitySpokenLanguages.swift; sourceTree = "<group>"; };
		70702A1D24B6706100AF7491 /* DetailMovieEntity.swift */ = {isa = PBXFileReference; fileEncoding = 4; lastKnownFileType = sourcecode.swift; path = DetailMovieEntity.swift; sourceTree = "<group>"; };
		70702A1E24B6706100AF7491 /* DetailMovieEntityGenres.swift */ = {isa = PBXFileReference; fileEncoding = 4; lastKnownFileType = sourcecode.swift; path = DetailMovieEntityGenres.swift; sourceTree = "<group>"; };
		70702A1F24B6706100AF7491 /* DetailMovieEntityProductionCompanies.swift */ = {isa = PBXFileReference; fileEncoding = 4; lastKnownFileType = sourcecode.swift; path = DetailMovieEntityProductionCompanies.swift; sourceTree = "<group>"; };
		70702A2024B6706100AF7491 /* DetailMovieEntityProductionCountries.swift */ = {isa = PBXFileReference; fileEncoding = 4; lastKnownFileType = sourcecode.swift; path = DetailMovieEntityProductionCountries.swift; sourceTree = "<group>"; };
		70702A2724B670F800AF7491 /* DetailModel.swift */ = {isa = PBXFileReference; lastKnownFileType = sourcecode.swift; path = DetailModel.swift; sourceTree = "<group>"; };
		70702A2F24B68DBD00AF7491 /* FavoriteModel.swift */ = {isa = PBXFileReference; lastKnownFileType = sourcecode.swift; path = FavoriteModel.swift; sourceTree = "<group>"; };
		70702A3124B68DC500AF7491 /* FavoriteWorker.swift */ = {isa = PBXFileReference; lastKnownFileType = sourcecode.swift; path = FavoriteWorker.swift; sourceTree = "<group>"; };
		70702A3324B68DCF00AF7491 /* FavoritePresenter.swift */ = {isa = PBXFileReference; lastKnownFileType = sourcecode.swift; path = FavoritePresenter.swift; sourceTree = "<group>"; };
		70702A3524B68DD600AF7491 /* FavoriteRouter.swift */ = {isa = PBXFileReference; lastKnownFileType = sourcecode.swift; path = FavoriteRouter.swift; sourceTree = "<group>"; };
		70702A3624B68DD600AF7491 /* FavoriteInteractor.swift */ = {isa = PBXFileReference; lastKnownFileType = sourcecode.swift; path = FavoriteInteractor.swift; sourceTree = "<group>"; };
		70702A3724B68DD600AF7491 /* FavoriteConfigurator.swift */ = {isa = PBXFileReference; lastKnownFileType = sourcecode.swift; path = FavoriteConfigurator.swift; sourceTree = "<group>"; };
		70702A3D24B68DF600AF7491 /* FavoriteViewController.swift */ = {isa = PBXFileReference; lastKnownFileType = sourcecode.swift; path = FavoriteViewController.swift; sourceTree = "<group>"; };
		70702A3E24B68DF600AF7491 /* FavoriteViewController.xib */ = {isa = PBXFileReference; lastKnownFileType = file.xib; path = FavoriteViewController.xib; sourceTree = "<group>"; };
		8626303DAAB4B14F50F593F6 /* Pods_KitaBisaMovieDBTest.framework */ = {isa = PBXFileReference; explicitFileType = wrapper.framework; includeInIndex = 0; path = Pods_KitaBisaMovieDBTest.framework; sourceTree = BUILT_PRODUCTS_DIR; };
		8952D3480714F9EC4A5F9119 /* Pods-KitaBisaMovieDBTest.debug.xcconfig */ = {isa = PBXFileReference; includeInIndex = 1; lastKnownFileType = text.xcconfig; name = "Pods-KitaBisaMovieDBTest.debug.xcconfig"; path = "Target Support Files/Pods-KitaBisaMovieDBTest/Pods-KitaBisaMovieDBTest.debug.xcconfig"; sourceTree = "<group>"; };
/* End PBXFileReference section */

/* Begin PBXFrameworksBuildPhase section */
		7070299924B6129E00AF7491 /* Frameworks */ = {
			isa = PBXFrameworksBuildPhase;
			buildActionMask = 2147483647;
			files = (
				2D19899F9A4A884791175C1D /* Pods_KitaBisaMovieDBTest.framework in Frameworks */,
			);
			runOnlyForDeploymentPostprocessing = 0;
		};
/* End PBXFrameworksBuildPhase section */

/* Begin PBXGroup section */
		7070299324B6129E00AF7491 = {
			isa = PBXGroup;
			children = (
				7070299E24B6129E00AF7491 /* KitaBisaMovieDBTest */,
				7070299D24B6129E00AF7491 /* Products */,
				D009D8AC95B1E3124686553B /* Pods */,
				F70E2F3C1EB97D44F4D5BB35 /* Frameworks */,
			);
			sourceTree = "<group>";
		};
		7070299D24B6129E00AF7491 /* Products */ = {
			isa = PBXGroup;
			children = (
				7070299C24B6129E00AF7491 /* KitaBisaMovieDBTest.app */,
			);
			name = Products;
			sourceTree = "<group>";
		};
		7070299E24B6129E00AF7491 /* KitaBisaMovieDBTest */ = {
			isa = PBXGroup;
			children = (
				70702A0224B647A500AF7491 /* Constants */,
				707029CD24B6208300AF7491 /* Common */,
				707029C424B61F8F00AF7491 /* Entities */,
				707029B424B61E1D00AF7491 /* Features */,
				7070299F24B6129E00AF7491 /* AppDelegate.swift */,
				707029A324B6129E00AF7491 /* ViewController.swift */,
				707029A524B6129E00AF7491 /* Main.storyboard */,
				707029A824B612A000AF7491 /* Assets.xcassets */,
				707029AA24B612A000AF7491 /* LaunchScreen.storyboard */,
				707029AD24B612A000AF7491 /* Info.plist */,
			);
			path = KitaBisaMovieDBTest;
			sourceTree = "<group>";
		};
		707029B424B61E1D00AF7491 /* Features */ = {
			isa = PBXGroup;
			children = (
				70702A2924B68D5A00AF7491 /* Favorite */,
				70702A0924B65F2900AF7491 /* Category */,
				707029E124B6300500AF7491 /* Detail */,
				707029B524B61E3D00AF7491 /* Home */,
			);
			path = Features;
			sourceTree = "<group>";
		};
		707029B524B61E3D00AF7491 /* Home */ = {
			isa = PBXGroup;
			children = (
				707029FF24B63E8600AF7491 /* Model */,
				707029B624B61E4800AF7491 /* Worker */,
				707029C324B61F6C00AF7491 /* Presenter */,
				707029B824B61E5400AF7491 /* Interactor */,
				707029B724B61E5000AF7491 /* View */,
			);
			path = Home;
			sourceTree = "<group>";
		};
		707029B624B61E4800AF7491 /* Worker */ = {
			isa = PBXGroup;
			children = (
				707029CB24B61FF700AF7491 /* HomeWorker.swift */,
			);
			path = Worker;
			sourceTree = "<group>";
		};
		707029B724B61E5000AF7491 /* View */ = {
			isa = PBXGroup;
			children = (
				707029BF24B61F4100AF7491 /* View */,
			);
			path = View;
			sourceTree = "<group>";
		};
		707029B824B61E5400AF7491 /* Interactor */ = {
			isa = PBXGroup;
			children = (
				707029B924B61F3800AF7491 /* HomeRouter.swift */,
				707029BA24B61F3800AF7491 /* HomeInteractor.swift */,
				707029BB24B61F3800AF7491 /* HomeConfigurator.swift */,
			);
			path = Interactor;
			sourceTree = "<group>";
		};
		707029BF24B61F4100AF7491 /* View */ = {
			isa = PBXGroup;
			children = (
				707029C224B61F5600AF7491 /* Cells */,
				707029C124B61F4F00AF7491 /* Controllers */,
			);
			path = View;
			sourceTree = "<group>";
		};
		707029C124B61F4F00AF7491 /* Controllers */ = {
			isa = PBXGroup;
			children = (
				707029C524B61FD900AF7491 /* HomeViewController.swift */,
				707029C624B61FD900AF7491 /* HomeViewController.xib */,
			);
			path = Controllers;
			sourceTree = "<group>";
		};
		707029C224B61F5600AF7491 /* Cells */ = {
			isa = PBXGroup;
			children = (
				707029D724B62B1300AF7491 /* HomeTableViewCell.swift */,
				707029D824B62B1300AF7491 /* HomeTableViewCell.xib */,
			);
			path = Cells;
			sourceTree = "<group>";
		};
		707029C324B61F6C00AF7491 /* Presenter */ = {
			isa = PBXGroup;
			children = (
				707029C924B61FE700AF7491 /* HomePresenter.swift */,
			);
			path = Presenter;
			sourceTree = "<group>";
		};
		707029C424B61F8F00AF7491 /* Entities */ = {
			isa = PBXGroup;
			children = (
				70702A1B24B6706100AF7491 /* DetailEntity */,
				70702A1624B66FCE00AF7491 /* MovieEntity */,
			);
			path = Entities;
			sourceTree = "<group>";
		};
		707029CD24B6208300AF7491 /* Common */ = {
			isa = PBXGroup;
			children = (
				707029CF24B6264400AF7491 /* Network */,
				707029CE24B620B400AF7491 /* Extension */,
			);
			path = Common;
			sourceTree = "<group>";
		};
		707029CE24B620B400AF7491 /* Extension */ = {
			isa = PBXGroup;
			children = (
				70702A0524B658B300AF7491 /* Extension+String.swift */,
				70702A0724B658D500AF7491 /* Extension+UITableView.swift */,
			);
			path = Extension;
			sourceTree = "<group>";
		};
		707029CF24B6264400AF7491 /* Network */ = {
			isa = PBXGroup;
			children = (
				707029D024B6268200AF7491 /* Network.swift */,
				707029D224B6281400AF7491 /* ApiClient.swift */,
			);
			path = Network;
			sourceTree = "<group>";
		};
		707029E124B6300500AF7491 /* Detail */ = {
			isa = PBXGroup;
			children = (
				70702A2624B670ED00AF7491 /* Model */,
				707029E924B6304B00AF7491 /* Worker */,
				707029E824B6304400AF7491 /* Presenter */,
				707029E724B6303800AF7491 /* Interactor */,
				707029E624B6303100AF7491 /* View */,
			);
			path = Detail;
			sourceTree = "<group>";
		};
		707029E624B6303100AF7491 /* View */ = {
			isa = PBXGroup;
			children = (
				707029F524B6307500AF7491 /* Cells */,
				707029F424B6306E00AF7491 /* Controllers */,
			);
			path = View;
			sourceTree = "<group>";
		};
		707029E724B6303800AF7491 /* Interactor */ = {
			isa = PBXGroup;
			children = (
				707029EE24B6306A00AF7491 /* DetailRouter.swift */,
				707029EF24B6306A00AF7491 /* DetailInteractor.swift */,
				707029F024B6306A00AF7491 /* DetailConfigurator.swift */,
			);
			path = Interactor;
			sourceTree = "<group>";
		};
		707029E824B6304400AF7491 /* Presenter */ = {
			isa = PBXGroup;
			children = (
				707029EC24B6305F00AF7491 /* DetailPresenter.swift */,
			);
			path = Presenter;
			sourceTree = "<group>";
		};
		707029E924B6304B00AF7491 /* Worker */ = {
			isa = PBXGroup;
			children = (
				707029EA24B6305700AF7491 /* DetailWorker.swift */,
			);
			path = Worker;
			sourceTree = "<group>";
		};
		707029F424B6306E00AF7491 /* Controllers */ = {
			isa = PBXGroup;
			children = (
				707029F624B6308700AF7491 /* DetailViewController.swift */,
				707029F724B6308700AF7491 /* DetailViewController.xib */,
			);
			path = Controllers;
			sourceTree = "<group>";
		};
		707029F524B6307500AF7491 /* Cells */ = {
			isa = PBXGroup;
			children = (
			);
			path = Cells;
			sourceTree = "<group>";
		};
		707029FF24B63E8600AF7491 /* Model */ = {
			isa = PBXGroup;
			children = (
				70702A0024B63E9300AF7491 /* HomeModel.swift */,
			);
			name = Model;
			sourceTree = "<group>";
		};
		70702A0224B647A500AF7491 /* Constants */ = {
			isa = PBXGroup;
			children = (
				70702A0324B647C400AF7491 /* ApiConstants.swift */,
			);
			path = Constants;
			sourceTree = "<group>";
		};
		70702A0924B65F2900AF7491 /* Category */ = {
			isa = PBXGroup;
			children = (
				70702A1224B6605E00AF7491 /* CategoryViewController.swift */,
				70702A1324B6605E00AF7491 /* CategoryViewController.xib */,
			);
			path = Category;
			sourceTree = "<group>";
		};
		70702A1624B66FCE00AF7491 /* MovieEntity */ = {
			isa = PBXGroup;
			children = (
				70702A1724B66FCE00AF7491 /* MovieEntityResults.swift */,
				70702A1824B66FCE00AF7491 /* MovieEntity.swift */,
			);
			path = MovieEntity;
			sourceTree = "<group>";
		};
		70702A1B24B6706100AF7491 /* DetailEntity */ = {
			isa = PBXGroup;
			children = (
				70702A1C24B6706100AF7491 /* DetailMovieEntitySpokenLanguages.swift */,
				70702A1D24B6706100AF7491 /* DetailMovieEntity.swift */,
				70702A1E24B6706100AF7491 /* DetailMovieEntityGenres.swift */,
				70702A1F24B6706100AF7491 /* DetailMovieEntityProductionCompanies.swift */,
				70702A2024B6706100AF7491 /* DetailMovieEntityProductionCountries.swift */,
			);
			path = DetailEntity;
			sourceTree = "<group>";
		};
		70702A2624B670ED00AF7491 /* Model */ = {
			isa = PBXGroup;
			children = (
				70702A2724B670F800AF7491 /* DetailModel.swift */,
			);
			path = Model;
			sourceTree = "<group>";
		};
		70702A2924B68D5A00AF7491 /* Favorite */ = {
			isa = PBXGroup;
			children = (
				70702A2E24B68DAB00AF7491 /* Model */,
				70702A2D24B68DA100AF7491 /* Worker */,
				70702A2C24B68D9A00AF7491 /* Presenter */,
				70702A2B24B68D9000AF7491 /* Interactor */,
				70702A2A24B68D8600AF7491 /* View */,
			);
			path = Favorite;
			sourceTree = "<group>";
		};
		70702A2A24B68D8600AF7491 /* View */ = {
			isa = PBXGroup;
			children = (
				70702A3B24B68DDD00AF7491 /* Cells */,
				70702A3C24B68DE400AF7491 /* Controllers */,
			);
			path = View;
			sourceTree = "<group>";
		};
		70702A2B24B68D9000AF7491 /* Interactor */ = {
			isa = PBXGroup;
			children = (
				70702A3524B68DD600AF7491 /* FavoriteRouter.swift */,
				70702A3624B68DD600AF7491 /* FavoriteInteractor.swift */,
				70702A3724B68DD600AF7491 /* FavoriteConfigurator.swift */,
			);
			path = Interactor;
			sourceTree = "<group>";
		};
		70702A2C24B68D9A00AF7491 /* Presenter */ = {
			isa = PBXGroup;
			children = (
				70702A3324B68DCF00AF7491 /* FavoritePresenter.swift */,
			);
			path = Presenter;
			sourceTree = "<group>";
		};
		70702A2D24B68DA100AF7491 /* Worker */ = {
			isa = PBXGroup;
			children = (
				70702A3124B68DC500AF7491 /* FavoriteWorker.swift */,
			);
			path = Worker;
			sourceTree = "<group>";
		};
		70702A2E24B68DAB00AF7491 /* Model */ = {
			isa = PBXGroup;
			children = (
				70702A2F24B68DBD00AF7491 /* FavoriteModel.swift */,
			);
			path = Model;
			sourceTree = "<group>";
		};
		70702A3B24B68DDD00AF7491 /* Cells */ = {
			isa = PBXGroup;
			children = (
			);
			path = Cells;
			sourceTree = "<group>";
		};
		70702A3C24B68DE400AF7491 /* Controllers */ = {
			isa = PBXGroup;
			children = (
				70702A3D24B68DF600AF7491 /* FavoriteViewController.swift */,
				70702A3E24B68DF600AF7491 /* FavoriteViewController.xib */,
			);
			path = Controllers;
			sourceTree = "<group>";
		};
		D009D8AC95B1E3124686553B /* Pods */ = {
			isa = PBXGroup;
			children = (
				8952D3480714F9EC4A5F9119 /* Pods-KitaBisaMovieDBTest.debug.xcconfig */,
				2D9D4FECBFD12A67239F8394 /* Pods-KitaBisaMovieDBTest.release.xcconfig */,
			);
			path = Pods;
			sourceTree = "<group>";
		};
		F70E2F3C1EB97D44F4D5BB35 /* Frameworks */ = {
			isa = PBXGroup;
			children = (
				8626303DAAB4B14F50F593F6 /* Pods_KitaBisaMovieDBTest.framework */,
			);
			name = Frameworks;
			sourceTree = "<group>";
		};
/* End PBXGroup section */

/* Begin PBXNativeTarget section */
		7070299B24B6129E00AF7491 /* KitaBisaMovieDBTest */ = {
			isa = PBXNativeTarget;
			buildConfigurationList = 707029B024B612A000AF7491 /* Build configuration list for PBXNativeTarget "KitaBisaMovieDBTest" */;
			buildPhases = (
				EF21F86DFFE8C692C626EB75 /* [CP] Check Pods Manifest.lock */,
				7070299824B6129E00AF7491 /* Sources */,
				7070299924B6129E00AF7491 /* Frameworks */,
				7070299A24B6129E00AF7491 /* Resources */,
				F3B23E39B46010D35BB5BACC /* [CP] Embed Pods Frameworks */,
			);
			buildRules = (
			);
			dependencies = (
			);
			name = KitaBisaMovieDBTest;
			productName = KitaBisaMovieDBTest;
			productReference = 7070299C24B6129E00AF7491 /* KitaBisaMovieDBTest.app */;
			productType = "com.apple.product-type.application";
		};
/* End PBXNativeTarget section */

/* Begin PBXProject section */
		7070299424B6129E00AF7491 /* Project object */ = {
			isa = PBXProject;
			attributes = {
				LastSwiftUpdateCheck = 1150;
				LastUpgradeCheck = 1150;
				ORGANIZATIONNAME = "Yaffi Azmi";
				TargetAttributes = {
					7070299B24B6129E00AF7491 = {
						CreatedOnToolsVersion = 11.5;
					};
				};
			};
			buildConfigurationList = 7070299724B6129E00AF7491 /* Build configuration list for PBXProject "KitaBisaMovieDBTest" */;
			compatibilityVersion = "Xcode 9.3";
			developmentRegion = en;
			hasScannedForEncodings = 0;
			knownRegions = (
				en,
				Base,
			);
			mainGroup = 7070299324B6129E00AF7491;
			productRefGroup = 7070299D24B6129E00AF7491 /* Products */;
			projectDirPath = "";
			projectRoot = "";
			targets = (
				7070299B24B6129E00AF7491 /* KitaBisaMovieDBTest */,
			);
		};
/* End PBXProject section */

/* Begin PBXResourcesBuildPhase section */
		7070299A24B6129E00AF7491 /* Resources */ = {
			isa = PBXResourcesBuildPhase;
			buildActionMask = 2147483647;
			files = (
				70702A1524B6605E00AF7491 /* CategoryViewController.xib in Resources */,
				707029AC24B612A000AF7491 /* LaunchScreen.storyboard in Resources */,
				70702A4024B68DF600AF7491 /* FavoriteViewController.xib in Resources */,
				707029F924B6308700AF7491 /* DetailViewController.xib in Resources */,
				707029A924B612A000AF7491 /* Assets.xcassets in Resources */,
				707029A724B6129E00AF7491 /* Main.storyboard in Resources */,
				707029DA24B62B1300AF7491 /* HomeTableViewCell.xib in Resources */,
				707029C824B61FD900AF7491 /* HomeViewController.xib in Resources */,
			);
			runOnlyForDeploymentPostprocessing = 0;
		};
/* End PBXResourcesBuildPhase section */

/* Begin PBXShellScriptBuildPhase section */
		EF21F86DFFE8C692C626EB75 /* [CP] Check Pods Manifest.lock */ = {
			isa = PBXShellScriptBuildPhase;
			buildActionMask = 2147483647;
			files = (
			);
			inputFileListPaths = (
			);
			inputPaths = (
				"${PODS_PODFILE_DIR_PATH}/Podfile.lock",
				"${PODS_ROOT}/Manifest.lock",
			);
			name = "[CP] Check Pods Manifest.lock";
			outputFileListPaths = (
			);
			outputPaths = (
				"$(DERIVED_FILE_DIR)/Pods-KitaBisaMovieDBTest-checkManifestLockResult.txt",
			);
			runOnlyForDeploymentPostprocessing = 0;
			shellPath = /bin/sh;
			shellScript = "diff \"${PODS_PODFILE_DIR_PATH}/Podfile.lock\" \"${PODS_ROOT}/Manifest.lock\" > /dev/null\nif [ $? != 0 ] ; then\n    # print error to STDERR\n    echo \"error: The sandbox is not in sync with the Podfile.lock. Run 'pod install' or update your CocoaPods installation.\" >&2\n    exit 1\nfi\n# This output is used by Xcode 'outputs' to avoid re-running this script phase.\necho \"SUCCESS\" > \"${SCRIPT_OUTPUT_FILE_0}\"\n";
			showEnvVarsInLog = 0;
		};
		F3B23E39B46010D35BB5BACC /* [CP] Embed Pods Frameworks */ = {
			isa = PBXShellScriptBuildPhase;
			buildActionMask = 2147483647;
			files = (
			);
			inputFileListPaths = (
				"${PODS_ROOT}/Target Support Files/Pods-KitaBisaMovieDBTest/Pods-KitaBisaMovieDBTest-frameworks-${CONFIGURATION}-input-files.xcfilelist",
			);
			name = "[CP] Embed Pods Frameworks";
			outputFileListPaths = (
				"${PODS_ROOT}/Target Support Files/Pods-KitaBisaMovieDBTest/Pods-KitaBisaMovieDBTest-frameworks-${CONFIGURATION}-output-files.xcfilelist",
			);
			runOnlyForDeploymentPostprocessing = 0;
			shellPath = /bin/sh;
			shellScript = "\"${PODS_ROOT}/Target Support Files/Pods-KitaBisaMovieDBTest/Pods-KitaBisaMovieDBTest-frameworks.sh\"\n";
			showEnvVarsInLog = 0;
		};
/* End PBXShellScriptBuildPhase section */

/* Begin PBXSourcesBuildPhase section */
		7070299824B6129E00AF7491 /* Sources */ = {
			isa = PBXSourcesBuildPhase;
			buildActionMask = 2147483647;
			files = (
				70702A2524B6706200AF7491 /* DetailMovieEntityProductionCountries.swift in Sources */,
				70702A0424B647C400AF7491 /* ApiConstants.swift in Sources */,
				707029F124B6306A00AF7491 /* DetailRouter.swift in Sources */,
				70702A2224B6706100AF7491 /* DetailMovieEntity.swift in Sources */,
				70702A2424B6706100AF7491 /* DetailMovieEntityProductionCompanies.swift in Sources */,
				707029CA24B61FE700AF7491 /* HomePresenter.swift in Sources */,
				70702A2824B670F800AF7491 /* DetailModel.swift in Sources */,
				707029A424B6129E00AF7491 /* ViewController.swift in Sources */,
				70702A3F24B68DF600AF7491 /* FavoriteViewController.swift in Sources */,
				70702A1424B6605E00AF7491 /* CategoryViewController.swift in Sources */,
				70702A3424B68DCF00AF7491 /* FavoritePresenter.swift in Sources */,
				70702A3224B68DC500AF7491 /* FavoriteWorker.swift in Sources */,
				70702A3924B68DD600AF7491 /* FavoriteInteractor.swift in Sources */,
				707029BC24B61F3800AF7491 /* HomeRouter.swift in Sources */,
				707029EB24B6305700AF7491 /* DetailWorker.swift in Sources */,
				70702A0824B658D500AF7491 /* Extension+UITableView.swift in Sources */,
				707029ED24B6305F00AF7491 /* DetailPresenter.swift in Sources */,
				70702A3024B68DBD00AF7491 /* FavoriteModel.swift in Sources */,
				70702A2124B6706100AF7491 /* DetailMovieEntitySpokenLanguages.swift in Sources */,
				707029A024B6129E00AF7491 /* AppDelegate.swift in Sources */,
				707029BD24B61F3800AF7491 /* HomeInteractor.swift in Sources */,
				707029F824B6308700AF7491 /* DetailViewController.swift in Sources */,
				70702A2324B6706100AF7491 /* DetailMovieEntityGenres.swift in Sources */,
				707029D924B62B1300AF7491 /* HomeTableViewCell.swift in Sources */,
				70702A1924B66FCE00AF7491 /* MovieEntityResults.swift in Sources */,
				707029D124B6268200AF7491 /* Network.swift in Sources */,
				707029BE24B61F3800AF7491 /* HomeConfigurator.swift in Sources */,
				707029CC24B61FF700AF7491 /* HomeWorker.swift in Sources */,
				70702A3824B68DD600AF7491 /* FavoriteRouter.swift in Sources */,
				70702A3A24B68DD600AF7491 /* FavoriteConfigurator.swift in Sources */,
				70702A0624B658B300AF7491 /* Extension+String.swift in Sources */,
				707029C724B61FD900AF7491 /* HomeViewController.swift in Sources */,
				707029F324B6306A00AF7491 /* DetailConfigurator.swift in Sources */,
				707029D324B6281400AF7491 /* ApiClient.swift in Sources */,
				70702A1A24B66FCE00AF7491 /* MovieEntity.swift in Sources */,
				70702A0124B63E9300AF7491 /* HomeModel.swift in Sources */,
				707029F224B6306A00AF7491 /* DetailInteractor.swift in Sources */,
			);
			runOnlyForDeploymentPostprocessing = 0;
		};
/* End PBXSourcesBuildPhase section */

/* Begin PBXVariantGroup section */
		707029A524B6129E00AF7491 /* Main.storyboard */ = {
			isa = PBXVariantGroup;
			children = (
				707029A624B6129E00AF7491 /* Base */,
			);
			name = Main.storyboard;
			sourceTree = "<group>";
		};
		707029AA24B612A000AF7491 /* LaunchScreen.storyboard */ = {
			isa = PBXVariantGroup;
			children = (
				707029AB24B612A000AF7491 /* Base */,
			);
			name = LaunchScreen.storyboard;
			sourceTree = "<group>";
		};
/* End PBXVariantGroup section */

/* Begin XCBuildConfiguration section */
		707029AE24B612A000AF7491 /* Debug */ = {
			isa = XCBuildConfiguration;
			buildSettings = {
				ALWAYS_SEARCH_USER_PATHS = NO;
				CLANG_ANALYZER_NONNULL = YES;
				CLANG_ANALYZER_NUMBER_OBJECT_CONVERSION = YES_AGGRESSIVE;
				CLANG_CXX_LANGUAGE_STANDARD = "gnu++14";
				CLANG_CXX_LIBRARY = "libc++";
				CLANG_ENABLE_MODULES = YES;
				CLANG_ENABLE_OBJC_ARC = YES;
				CLANG_ENABLE_OBJC_WEAK = YES;
				CLANG_WARN_BLOCK_CAPTURE_AUTORELEASING = YES;
				CLANG_WARN_BOOL_CONVERSION = YES;
				CLANG_WARN_COMMA = YES;
				CLANG_WARN_CONSTANT_CONVERSION = YES;
				CLANG_WARN_DEPRECATED_OBJC_IMPLEMENTATIONS = YES;
				CLANG_WARN_DIRECT_OBJC_ISA_USAGE = YES_ERROR;
				CLANG_WARN_DOCUMENTATION_COMMENTS = YES;
				CLANG_WARN_EMPTY_BODY = YES;
				CLANG_WARN_ENUM_CONVERSION = YES;
				CLANG_WARN_INFINITE_RECURSION = YES;
				CLANG_WARN_INT_CONVERSION = YES;
				CLANG_WARN_NON_LITERAL_NULL_CONVERSION = YES;
				CLANG_WARN_OBJC_IMPLICIT_RETAIN_SELF = YES;
				CLANG_WARN_OBJC_LITERAL_CONVERSION = YES;
				CLANG_WARN_OBJC_ROOT_CLASS = YES_ERROR;
				CLANG_WARN_RANGE_LOOP_ANALYSIS = YES;
				CLANG_WARN_STRICT_PROTOTYPES = YES;
				CLANG_WARN_SUSPICIOUS_MOVE = YES;
				CLANG_WARN_UNGUARDED_AVAILABILITY = YES_AGGRESSIVE;
				CLANG_WARN_UNREACHABLE_CODE = YES;
				CLANG_WARN__DUPLICATE_METHOD_MATCH = YES;
				COPY_PHASE_STRIP = NO;
				DEBUG_INFORMATION_FORMAT = dwarf;
				ENABLE_STRICT_OBJC_MSGSEND = YES;
				ENABLE_TESTABILITY = YES;
				GCC_C_LANGUAGE_STANDARD = gnu11;
				GCC_DYNAMIC_NO_PIC = NO;
				GCC_NO_COMMON_BLOCKS = YES;
				GCC_OPTIMIZATION_LEVEL = 0;
				GCC_PREPROCESSOR_DEFINITIONS = (
					"DEBUG=1",
					"$(inherited)",
				);
				GCC_WARN_64_TO_32_BIT_CONVERSION = YES;
				GCC_WARN_ABOUT_RETURN_TYPE = YES_ERROR;
				GCC_WARN_UNDECLARED_SELECTOR = YES;
				GCC_WARN_UNINITIALIZED_AUTOS = YES_AGGRESSIVE;
				GCC_WARN_UNUSED_FUNCTION = YES;
				GCC_WARN_UNUSED_VARIABLE = YES;
				IPHONEOS_DEPLOYMENT_TARGET = 13.5;
				MTL_ENABLE_DEBUG_INFO = INCLUDE_SOURCE;
				MTL_FAST_MATH = YES;
				ONLY_ACTIVE_ARCH = YES;
				SDKROOT = iphoneos;
				SWIFT_ACTIVE_COMPILATION_CONDITIONS = DEBUG;
				SWIFT_OPTIMIZATION_LEVEL = "-Onone";
			};
			name = Debug;
		};
		707029AF24B612A000AF7491 /* Release */ = {
			isa = XCBuildConfiguration;
			buildSettings = {
				ALWAYS_SEARCH_USER_PATHS = NO;
				CLANG_ANALYZER_NONNULL = YES;
				CLANG_ANALYZER_NUMBER_OBJECT_CONVERSION = YES_AGGRESSIVE;
				CLANG_CXX_LANGUAGE_STANDARD = "gnu++14";
				CLANG_CXX_LIBRARY = "libc++";
				CLANG_ENABLE_MODULES = YES;
				CLANG_ENABLE_OBJC_ARC = YES;
				CLANG_ENABLE_OBJC_WEAK = YES;
				CLANG_WARN_BLOCK_CAPTURE_AUTORELEASING = YES;
				CLANG_WARN_BOOL_CONVERSION = YES;
				CLANG_WARN_COMMA = YES;
				CLANG_WARN_CONSTANT_CONVERSION = YES;
				CLANG_WARN_DEPRECATED_OBJC_IMPLEMENTATIONS = YES;
				CLANG_WARN_DIRECT_OBJC_ISA_USAGE = YES_ERROR;
				CLANG_WARN_DOCUMENTATION_COMMENTS = YES;
				CLANG_WARN_EMPTY_BODY = YES;
				CLANG_WARN_ENUM_CONVERSION = YES;
				CLANG_WARN_INFINITE_RECURSION = YES;
				CLANG_WARN_INT_CONVERSION = YES;
				CLANG_WARN_NON_LITERAL_NULL_CONVERSION = YES;
				CLANG_WARN_OBJC_IMPLICIT_RETAIN_SELF = YES;
				CLANG_WARN_OBJC_LITERAL_CONVERSION = YES;
				CLANG_WARN_OBJC_ROOT_CLASS = YES_ERROR;
				CLANG_WARN_RANGE_LOOP_ANALYSIS = YES;
				CLANG_WARN_STRICT_PROTOTYPES = YES;
				CLANG_WARN_SUSPICIOUS_MOVE = YES;
				CLANG_WARN_UNGUARDED_AVAILABILITY = YES_AGGRESSIVE;
				CLANG_WARN_UNREACHABLE_CODE = YES;
				CLANG_WARN__DUPLICATE_METHOD_MATCH = YES;
				COPY_PHASE_STRIP = NO;
				DEBUG_INFORMATION_FORMAT = "dwarf-with-dsym";
				ENABLE_NS_ASSERTIONS = NO;
				ENABLE_STRICT_OBJC_MSGSEND = YES;
				GCC_C_LANGUAGE_STANDARD = gnu11;
				GCC_NO_COMMON_BLOCKS = YES;
				GCC_WARN_64_TO_32_BIT_CONVERSION = YES;
				GCC_WARN_ABOUT_RETURN_TYPE = YES_ERROR;
				GCC_WARN_UNDECLARED_SELECTOR = YES;
				GCC_WARN_UNINITIALIZED_AUTOS = YES_AGGRESSIVE;
				GCC_WARN_UNUSED_FUNCTION = YES;
				GCC_WARN_UNUSED_VARIABLE = YES;
				IPHONEOS_DEPLOYMENT_TARGET = 13.5;
				MTL_ENABLE_DEBUG_INFO = NO;
				MTL_FAST_MATH = YES;
				SDKROOT = iphoneos;
				SWIFT_COMPILATION_MODE = wholemodule;
				SWIFT_OPTIMIZATION_LEVEL = "-O";
				VALIDATE_PRODUCT = YES;
			};
			name = Release;
		};
		707029B124B612A000AF7491 /* Debug */ = {
			isa = XCBuildConfiguration;
			baseConfigurationReference = 8952D3480714F9EC4A5F9119 /* Pods-KitaBisaMovieDBTest.debug.xcconfig */;
			buildSettings = {
				ASSETCATALOG_COMPILER_APPICON_NAME = AppIcon;
				CODE_SIGN_STYLE = Automatic;
				INFOPLIST_FILE = KitaBisaMovieDBTest/Info.plist;
				LD_RUNPATH_SEARCH_PATHS = (
					"$(inherited)",
					"@executable_path/Frameworks",
				);
				PRODUCT_BUNDLE_IDENTIFIER = com.arcell.KitaBisaMovieDBTest;
				PRODUCT_NAME = "$(TARGET_NAME)";
				SWIFT_VERSION = 5.0;
				TARGETED_DEVICE_FAMILY = 1;
			};
			name = Debug;
		};
		707029B224B612A000AF7491 /* Release */ = {
			isa = XCBuildConfiguration;
			baseConfigurationReference = 2D9D4FECBFD12A67239F8394 /* Pods-KitaBisaMovieDBTest.release.xcconfig */;
			buildSettings = {
				ASSETCATALOG_COMPILER_APPICON_NAME = AppIcon;
				CODE_SIGN_STYLE = Automatic;
				INFOPLIST_FILE = KitaBisaMovieDBTest/Info.plist;
				LD_RUNPATH_SEARCH_PATHS = (
					"$(inherited)",
					"@executable_path/Frameworks",
				);
				PRODUCT_BUNDLE_IDENTIFIER = com.arcell.KitaBisaMovieDBTest;
				PRODUCT_NAME = "$(TARGET_NAME)";
				SWIFT_VERSION = 5.0;
				TARGETED_DEVICE_FAMILY = 1;
			};
			name = Release;
		};
/* End XCBuildConfiguration section */

/* Begin XCConfigurationList section */
		7070299724B6129E00AF7491 /* Build configuration list for PBXProject "KitaBisaMovieDBTest" */ = {
			isa = XCConfigurationList;
			buildConfigurations = (
				707029AE24B612A000AF7491 /* Debug */,
				707029AF24B612A000AF7491 /* Release */,
			);
			defaultConfigurationIsVisible = 0;
			defaultConfigurationName = Release;
		};
		707029B024B612A000AF7491 /* Build configuration list for PBXNativeTarget "KitaBisaMovieDBTest" */ = {
			isa = XCConfigurationList;
			buildConfigurations = (
				707029B124B612A000AF7491 /* Debug */,
				707029B224B612A000AF7491 /* Release */,
			);
			defaultConfigurationIsVisible = 0;
			defaultConfigurationName = Release;
		};
/* End XCConfigurationList section */
	};
	rootObject = 7070299424B6129E00AF7491 /* Project object */;
}
